// !$*UTF8*$!
{
	archiveVersion = 1;
	classes = {
	};
	objectVersion = 50;
	objects = {

/* Begin PBXBuildFile section */
		85011BEE22562D260062320D /* LeetCode01_10.cpp in Sources */ = {isa = PBXBuildFile; fileRef = 85011BEC22562D260062320D /* LeetCode01_10.cpp */; };
		85011BF12258BC8A0062320D /* LeetCode11_20.cpp in Sources */ = {isa = PBXBuildFile; fileRef = 85011BEF2258BC8A0062320D /* LeetCode11_20.cpp */; };
		85011BF4225B80390062320D /* HuaWei2016.cpp in Sources */ = {isa = PBXBuildFile; fileRef = 85011BF2225B80390062320D /* HuaWei2016.cpp */; };
		85011BF7225D98060062320D /* HuaWeiOJ0_108.cpp in Sources */ = {isa = PBXBuildFile; fileRef = 85011BF5225D98050062320D /* HuaWeiOJ0_108.cpp */; };
		85266E7922BDB05000ABF14B /* Speech笔试2019.06.cpp in Sources */ = {isa = PBXBuildFile; fileRef = 85266E7822BDB05000ABF14B /* Speech笔试2019.06.cpp */; };
		85340D75224F04F1003936D8 /* BSortTree.cpp in Sources */ = {isa = PBXBuildFile; fileRef = 85340D73224F04F1003936D8 /* BSortTree.cpp */; };
		85668FBF2398919800DCA1D1 /* LeetCode_Sum20191212.cpp in Sources */ = {isa = PBXBuildFile; fileRef = 85668FBD2398919800DCA1D1 /* LeetCode_Sum20191212.cpp */; };
		859EF2DA223D1B60001E15B5 /* main.cpp in Sources */ = {isa = PBXBuildFile; fileRef = 859EF2D9223D1B60001E15B5 /* main.cpp */; };
		859EF30B223DD870001E15B5 /* 00_constructTree.cpp in Sources */ = {isa = PBXBuildFile; fileRef = 859EF309223DD870001E15B5 /* 00_constructTree.cpp */; };
		859EF310223E03BB001E15B5 /* 01_ListNode.cpp in Sources */ = {isa = PBXBuildFile; fileRef = 859EF30E223E03BB001E15B5 /* 01_ListNode.cpp */; };
		859EF31A223FB609001E15B5 /* Array.cpp in Sources */ = {isa = PBXBuildFile; fileRef = 859EF318223FB609001E15B5 /* Array.cpp */; };
		859EF32022475A51001E15B5 /* BTree.cpp in Sources */ = {isa = PBXBuildFile; fileRef = 859EF31E22475A51001E15B5 /* BTree.cpp */; };
		859EF32322475AAC001E15B5 /* Sword_offer.cpp in Sources */ = {isa = PBXBuildFile; fileRef = 859EF32122475AAC001E15B5 /* Sword_offer.cpp */; };
		85AB074B22689EF4007CFECD /* dfs.cpp in Sources */ = {isa = PBXBuildFile; fileRef = 85AB074922689EF4007CFECD /* dfs.cpp */; };
		85AB0753226B50E6007CFECD /* LeetCodeTopInterview01_20.cpp in Sources */ = {isa = PBXBuildFile; fileRef = 85AB0751226B50E6007CFECD /* LeetCodeTopInterview01_20.cpp */; };
		85B9F851240220B900F094B2 /* proce_alignst.cpp in Sources */ = {isa = PBXBuildFile; fileRef = 85B9F84F240220B900F094B2 /* proce_alignst.cpp */; };
		85B9F8562408E52F00F094B2 /* process_alignres.c in Sources */ = {isa = PBXBuildFile; fileRef = 85B9F8552408E52F00F094B2 /* process_alignres.c */; };
/* End PBXBuildFile section */

/* Begin PBXCopyFilesBuildPhase section */
		859EF2D4223D1B60001E15B5 /* CopyFiles */ = {
			isa = PBXCopyFilesBuildPhase;
			buildActionMask = 2147483647;
			dstPath = /usr/share/man/man1/;
			dstSubfolderSpec = 0;
			files = (
			);
			runOnlyForDeploymentPostprocessing = 1;
		};
		859EF2F5223D2889001E15B5 /* CopyFiles */ = {
			isa = PBXCopyFilesBuildPhase;
			buildActionMask = 2147483647;
			dstPath = /usr/share/man/man1/;
			dstSubfolderSpec = 0;
			files = (
			);
			runOnlyForDeploymentPostprocessing = 1;
		};
/* End PBXCopyFilesBuildPhase section */

/* Begin PBXFileReference section */
		85011BEC22562D260062320D /* LeetCode01_10.cpp */ = {isa = PBXFileReference; lastKnownFileType = sourcecode.cpp.cpp; path = LeetCode01_10.cpp; sourceTree = "<group>"; };
		85011BED22562D260062320D /* LeetCode01_10.hpp */ = {isa = PBXFileReference; lastKnownFileType = sourcecode.cpp.h; path = LeetCode01_10.hpp; sourceTree = "<group>"; };
		85011BEF2258BC8A0062320D /* LeetCode11_20.cpp */ = {isa = PBXFileReference; lastKnownFileType = sourcecode.cpp.cpp; path = LeetCode11_20.cpp; sourceTree = "<group>"; };
		85011BF02258BC8A0062320D /* LeetCode11_20.hpp */ = {isa = PBXFileReference; lastKnownFileType = sourcecode.cpp.h; path = LeetCode11_20.hpp; sourceTree = "<group>"; };
		85011BF2225B80390062320D /* HuaWei2016.cpp */ = {isa = PBXFileReference; lastKnownFileType = sourcecode.cpp.cpp; path = HuaWei2016.cpp; sourceTree = "<group>"; };
		85011BF3225B80390062320D /* HuaWei2016.hpp */ = {isa = PBXFileReference; lastKnownFileType = sourcecode.cpp.h; path = HuaWei2016.hpp; sourceTree = "<group>"; };
		85011BF5225D98050062320D /* HuaWeiOJ0_108.cpp */ = {isa = PBXFileReference; lastKnownFileType = sourcecode.cpp.cpp; path = HuaWeiOJ0_108.cpp; sourceTree = "<group>"; };
		85011BF6225D98060062320D /* HuaWeiOJ0_108.hpp */ = {isa = PBXFileReference; lastKnownFileType = sourcecode.cpp.h; path = HuaWeiOJ0_108.hpp; sourceTree = "<group>"; };
		85266E7822BDB05000ABF14B /* Speech笔试2019.06.cpp */ = {isa = PBXFileReference; lastKnownFileType = sourcecode.cpp.cpp; path = "Speech笔试2019.06.cpp"; sourceTree = "<group>"; };
		85340D73224F04F1003936D8 /* BSortTree.cpp */ = {isa = PBXFileReference; lastKnownFileType = sourcecode.cpp.cpp; path = BSortTree.cpp; sourceTree = "<group>"; };
		85340D74224F04F1003936D8 /* BSortTree.hpp */ = {isa = PBXFileReference; lastKnownFileType = sourcecode.cpp.h; path = BSortTree.hpp; sourceTree = "<group>"; };
		85668FBD2398919800DCA1D1 /* LeetCode_Sum20191212.cpp */ = {isa = PBXFileReference; lastKnownFileType = sourcecode.cpp.cpp; path = LeetCode_Sum20191212.cpp; sourceTree = "<group>"; };
		85668FBE2398919800DCA1D1 /* LeetCode_Sum20191212.hpp */ = {isa = PBXFileReference; lastKnownFileType = sourcecode.cpp.h; path = LeetCode_Sum20191212.hpp; sourceTree = "<group>"; };
		859EF2D6223D1B60001E15B5 /* LeetCode */ = {isa = PBXFileReference; explicitFileType = "compiled.mach-o.executable"; includeInIndex = 0; path = LeetCode; sourceTree = BUILT_PRODUCTS_DIR; };
		859EF2D9223D1B60001E15B5 /* main.cpp */ = {isa = PBXFileReference; lastKnownFileType = sourcecode.cpp.cpp; path = main.cpp; sourceTree = "<group>"; };
		859EF2F7223D2889001E15B5 /* sss */ = {isa = PBXFileReference; explicitFileType = "compiled.mach-o.executable"; includeInIndex = 0; path = sss; sourceTree = BUILT_PRODUCTS_DIR; };
		859EF309223DD870001E15B5 /* 00_constructTree.cpp */ = {isa = PBXFileReference; indentWidth = 4; lastKnownFileType = sourcecode.cpp.cpp; path = 00_constructTree.cpp; sourceTree = "<group>"; };
		859EF30E223E03BB001E15B5 /* 01_ListNode.cpp */ = {isa = PBXFileReference; lastKnownFileType = sourcecode.cpp.cpp; path = 01_ListNode.cpp; sourceTree = "<group>"; };
		859EF30F223E03BB001E15B5 /* 01_ListNode.hpp */ = {isa = PBXFileReference; lastKnownFileType = sourcecode.cpp.h; path = 01_ListNode.hpp; sourceTree = "<group>"; };
		859EF318223FB609001E15B5 /* Array.cpp */ = {isa = PBXFileReference; lastKnownFileType = sourcecode.cpp.cpp; path = Array.cpp; sourceTree = "<group>"; };
		859EF319223FB609001E15B5 /* Array.hpp */ = {isa = PBXFileReference; lastKnownFileType = sourcecode.cpp.h; path = Array.hpp; sourceTree = "<group>"; };
		859EF31E22475A51001E15B5 /* BTree.cpp */ = {isa = PBXFileReference; lastKnownFileType = sourcecode.cpp.cpp; path = BTree.cpp; sourceTree = "<group>"; };
		859EF31F22475A51001E15B5 /* BTree.hpp */ = {isa = PBXFileReference; lastKnownFileType = sourcecode.cpp.h; path = BTree.hpp; sourceTree = "<group>"; };
		859EF32122475AAC001E15B5 /* Sword_offer.cpp */ = {isa = PBXFileReference; lastKnownFileType = sourcecode.cpp.cpp; path = Sword_offer.cpp; sourceTree = "<group>"; };
		859EF32222475AAC001E15B5 /* Sword_offer.hpp */ = {isa = PBXFileReference; lastKnownFileType = sourcecode.cpp.h; path = Sword_offer.hpp; sourceTree = "<group>"; };
		85AB074922689EF4007CFECD /* dfs.cpp */ = {isa = PBXFileReference; lastKnownFileType = sourcecode.cpp.cpp; path = dfs.cpp; sourceTree = "<group>"; };
		85AB074A22689EF4007CFECD /* dfs.hpp */ = {isa = PBXFileReference; lastKnownFileType = sourcecode.cpp.h; path = dfs.hpp; sourceTree = "<group>"; };
		85AB0751226B50E6007CFECD /* LeetCodeTopInterview01_20.cpp */ = {isa = PBXFileReference; lastKnownFileType = sourcecode.cpp.cpp; path = LeetCodeTopInterview01_20.cpp; sourceTree = "<group>"; };
		85AB0752226B50E6007CFECD /* LeetCodeTopInterview01_20.hpp */ = {isa = PBXFileReference; lastKnownFileType = sourcecode.cpp.h; path = LeetCodeTopInterview01_20.hpp; sourceTree = "<group>"; };
		85B9F84F240220B900F094B2 /* proce_alignst.cpp */ = {isa = PBXFileReference; lastKnownFileType = sourcecode.cpp.cpp; path = proce_alignst.cpp; sourceTree = "<group>"; };
		85B9F850240220B900F094B2 /* proce_alignst.hpp */ = {isa = PBXFileReference; lastKnownFileType = sourcecode.cpp.h; path = proce_alignst.hpp; sourceTree = "<group>"; };
		85B9F8522403661F00F094B2 /* 01_align.res */ = {isa = PBXFileReference; fileEncoding = 4; lastKnownFileType = text; path = 01_align.res; sourceTree = "<group>"; };
		85B9F8532403661F00F094B2 /* 00_st.list */ = {isa = PBXFileReference; fileEncoding = 4; lastKnownFileType = text; path = 00_st.list; sourceTree = "<group>"; };
		85B9F8542408E52F00F094B2 /* process_alignres.h */ = {isa = PBXFileReference; lastKnownFileType = sourcecode.c.h; path = process_alignres.h; sourceTree = "<group>"; };
		85B9F8552408E52F00F094B2 /* process_alignres.c */ = {isa = PBXFileReference; lastKnownFileType = sourcecode.c.c; path = process_alignres.c; sourceTree = "<group>"; };
/* End PBXFileReference section */

/* Begin PBXFrameworksBuildPhase section */
		859EF2D3223D1B60001E15B5 /* Frameworks */ = {
			isa = PBXFrameworksBuildPhase;
			buildActionMask = 2147483647;
			files = (
			);
			runOnlyForDeploymentPostprocessing = 0;
		};
		859EF2F4223D2889001E15B5 /* Frameworks */ = {
			isa = PBXFrameworksBuildPhase;
			buildActionMask = 2147483647;
			files = (
			);
			runOnlyForDeploymentPostprocessing = 0;
		};
/* End PBXFrameworksBuildPhase section */

/* Begin PBXGroup section */
		859EF2CD223D1B60001E15B5 = {
			isa = PBXGroup;
			children = (
				859EF2D8223D1B60001E15B5 /* LeetCode */,
				859EF2D7223D1B60001E15B5 /* Products */,
			);
			sourceTree = "<group>";
		};
		859EF2D7223D1B60001E15B5 /* Products */ = {
			isa = PBXGroup;
			children = (
				859EF2D6223D1B60001E15B5 /* LeetCode */,
				859EF2F7223D2889001E15B5 /* sss */,
			);
			name = Products;
			sourceTree = "<group>";
		};
		859EF2D8223D1B60001E15B5 /* LeetCode */ = {
			isa = PBXGroup;
			children = (
				85B9F8532403661F00F094B2 /* 00_st.list */,
				85B9F8522403661F00F094B2 /* 01_align.res */,
				859EF2D9223D1B60001E15B5 /* main.cpp */,
				859EF309223DD870001E15B5 /* 00_constructTree.cpp */,
				859EF30E223E03BB001E15B5 /* 01_ListNode.cpp */,
				859EF30F223E03BB001E15B5 /* 01_ListNode.hpp */,
				859EF318223FB609001E15B5 /* Array.cpp */,
				859EF31E22475A51001E15B5 /* BTree.cpp */,
				859EF31F22475A51001E15B5 /* BTree.hpp */,
				859EF319223FB609001E15B5 /* Array.hpp */,
				859EF32122475AAC001E15B5 /* Sword_offer.cpp */,
				859EF32222475AAC001E15B5 /* Sword_offer.hpp */,
				85340D73224F04F1003936D8 /* BSortTree.cpp */,
				85340D74224F04F1003936D8 /* BSortTree.hpp */,
				85011BEC22562D260062320D /* LeetCode01_10.cpp */,
				85011BED22562D260062320D /* LeetCode01_10.hpp */,
				85011BEF2258BC8A0062320D /* LeetCode11_20.cpp */,
				85011BF02258BC8A0062320D /* LeetCode11_20.hpp */,
				85AB0751226B50E6007CFECD /* LeetCodeTopInterview01_20.cpp */,
				85AB0752226B50E6007CFECD /* LeetCodeTopInterview01_20.hpp */,
				85011BF2225B80390062320D /* HuaWei2016.cpp */,
				85011BF3225B80390062320D /* HuaWei2016.hpp */,
				85011BF5225D98050062320D /* HuaWeiOJ0_108.cpp */,
				85AB074922689EF4007CFECD /* dfs.cpp */,
				85AB074A22689EF4007CFECD /* dfs.hpp */,
				85011BF6225D98060062320D /* HuaWeiOJ0_108.hpp */,
				85266E7822BDB05000ABF14B /* Speech笔试2019.06.cpp */,
				85668FBD2398919800DCA1D1 /* LeetCode_Sum20191212.cpp */,
				85B9F84F240220B900F094B2 /* proce_alignst.cpp */,
				85B9F8542408E52F00F094B2 /* process_alignres.h */,
				85B9F8552408E52F00F094B2 /* process_alignres.c */,
				85B9F850240220B900F094B2 /* proce_alignst.hpp */,
				85668FBE2398919800DCA1D1 /* LeetCode_Sum20191212.hpp */,
			);
			path = LeetCode;
			sourceTree = "<group>";
		};
/* End PBXGroup section */

/* Begin PBXNativeTarget section */
		859EF2D5223D1B60001E15B5 /* LeetCode */ = {
			isa = PBXNativeTarget;
			buildConfigurationList = 859EF2DD223D1B60001E15B5 /* Build configuration list for PBXNativeTarget "LeetCode" */;
			buildPhases = (
				859EF2D2223D1B60001E15B5 /* Sources */,
				859EF2D3223D1B60001E15B5 /* Frameworks */,
				859EF2D4223D1B60001E15B5 /* CopyFiles */,
			);
			buildRules = (
			);
			dependencies = (
			);
			name = LeetCode;
			productName = LeetCode;
			productReference = 859EF2D6223D1B60001E15B5 /* LeetCode */;
			productType = "com.apple.product-type.tool";
		};
		859EF2F6223D2889001E15B5 /* sss */ = {
			isa = PBXNativeTarget;
			buildConfigurationList = 859EF2FD223D2889001E15B5 /* Build configuration list for PBXNativeTarget "sss" */;
			buildPhases = (
				859EF2F3223D2889001E15B5 /* Sources */,
				859EF2F4223D2889001E15B5 /* Frameworks */,
				859EF2F5223D2889001E15B5 /* CopyFiles */,
			);
			buildRules = (
			);
			dependencies = (
			);
			name = sss;
			productName = sss;
			productReference = 859EF2F7223D2889001E15B5 /* sss */;
			productType = "com.apple.product-type.tool";
		};
/* End PBXNativeTarget section */

/* Begin PBXProject section */
		859EF2CE223D1B60001E15B5 /* Project object */ = {
			isa = PBXProject;
			attributes = {
				LastUpgradeCheck = 1010;
				ORGANIZATIONNAME = "李志鹏";
				TargetAttributes = {
					859EF2D5223D1B60001E15B5 = {
						CreatedOnToolsVersion = 10.1;
					};
					859EF2F6223D2889001E15B5 = {
						CreatedOnToolsVersion = 10.1;
					};
				};
			};
			buildConfigurationList = 859EF2D1223D1B60001E15B5 /* Build configuration list for PBXProject "LeetCode" */;
			compatibilityVersion = "Xcode 9.3";
			developmentRegion = en;
			hasScannedForEncodings = 0;
			knownRegions = (
				en,
			);
			mainGroup = 859EF2CD223D1B60001E15B5;
			productRefGroup = 859EF2D7223D1B60001E15B5 /* Products */;
			projectDirPath = "";
			projectRoot = "";
			targets = (
				859EF2D5223D1B60001E15B5 /* LeetCode */,
				859EF2F6223D2889001E15B5 /* sss */,
			);
		};
/* End PBXProject section */

/* Begin PBXSourcesBuildPhase section */
		859EF2D2223D1B60001E15B5 /* Sources */ = {
			isa = PBXSourcesBuildPhase;
			buildActionMask = 2147483647;
			files = (
				85AB0753226B50E6007CFECD /* LeetCodeTopInterview01_20.cpp in Sources */,
				85011BEE22562D260062320D /* LeetCode01_10.cpp in Sources */,
				859EF32322475AAC001E15B5 /* Sword_offer.cpp in Sources */,
				85B9F8562408E52F00F094B2 /* process_alignres.c in Sources */,
				85011BF12258BC8A0062320D /* LeetCode11_20.cpp in Sources */,
				85668FBF2398919800DCA1D1 /* LeetCode_Sum20191212.cpp in Sources */,
				859EF2DA223D1B60001E15B5 /* main.cpp in Sources */,
				859EF30B223DD870001E15B5 /* 00_constructTree.cpp in Sources */,
				85266E7922BDB05000ABF14B /* Speech笔试2019.06.cpp in Sources */,
				859EF32022475A51001E15B5 /* BTree.cpp in Sources */,
				85011BF7225D98060062320D /* HuaWeiOJ0_108.cpp in Sources */,
				859EF310223E03BB001E15B5 /* 01_ListNode.cpp in Sources */,
				85011BF4225B80390062320D /* HuaWei2016.cpp in Sources */,
				85B9F851240220B900F094B2 /* proce_alignst.cpp in Sources */,
				85AB074B22689EF4007CFECD /* dfs.cpp in Sources */,
				85340D75224F04F1003936D8 /* BSortTree.cpp in Sources */,
				859EF31A223FB609001E15B5 /* Array.cpp in Sources */,
			);
			runOnlyForDeploymentPostprocessing = 0;
		};
		859EF2F3223D2889001E15B5 /* Sources */ = {
			isa = PBXSourcesBuildPhase;
			buildActionMask = 2147483647;
			files = (
			);
			runOnlyForDeploymentPostprocessing = 0;
		};
/* End PBXSourcesBuildPhase section */

/* Begin XCBuildConfiguration section */
		859EF2DB223D1B60001E15B5 /* Debug */ = {
			isa = XCBuildConfiguration;
			buildSettings = {
				ALWAYS_SEARCH_USER_PATHS = NO;
				CLANG_ANALYZER_NONNULL = YES;
				CLANG_ANALYZER_NUMBER_OBJECT_CONVERSION = YES_AGGRESSIVE;
				CLANG_CXX_LANGUAGE_STANDARD = "gnu++14";
				CLANG_CXX_LIBRARY = "libc++";
				CLANG_ENABLE_MODULES = YES;
				CLANG_ENABLE_OBJC_ARC = YES;
				CLANG_ENABLE_OBJC_WEAK = YES;
				CLANG_WARN_BLOCK_CAPTURE_AUTORELEASING = YES;
				CLANG_WARN_BOOL_CONVERSION = YES;
				CLANG_WARN_COMMA = YES;
				CLANG_WARN_CONSTANT_CONVERSION = YES;
				CLANG_WARN_DEPRECATED_OBJC_IMPLEMENTATIONS = YES;
				CLANG_WARN_DIRECT_OBJC_ISA_USAGE = YES_ERROR;
				CLANG_WARN_DOCUMENTATION_COMMENTS = YES;
				CLANG_WARN_EMPTY_BODY = YES;
				CLANG_WARN_ENUM_CONVERSION = YES;
				CLANG_WARN_INFINITE_RECURSION = YES;
				CLANG_WARN_INT_CONVERSION = YES;
				CLANG_WARN_NON_LITERAL_NULL_CONVERSION = YES;
				CLANG_WARN_OBJC_IMPLICIT_RETAIN_SELF = YES;
				CLANG_WARN_OBJC_LITERAL_CONVERSION = YES;
				CLANG_WARN_OBJC_ROOT_CLASS = YES_ERROR;
				CLANG_WARN_RANGE_LOOP_ANALYSIS = YES;
				CLANG_WARN_STRICT_PROTOTYPES = YES;
				CLANG_WARN_SUSPICIOUS_MOVE = YES;
				CLANG_WARN_UNGUARDED_AVAILABILITY = YES_AGGRESSIVE;
				CLANG_WARN_UNREACHABLE_CODE = YES;
				CLANG_WARN__DUPLICATE_METHOD_MATCH = YES;
				CODE_SIGN_IDENTITY = "-";
				COPY_PHASE_STRIP = NO;
				DEBUG_INFORMATION_FORMAT = dwarf;
				ENABLE_STRICT_OBJC_MSGSEND = YES;
				ENABLE_TESTABILITY = YES;
				GCC_C_LANGUAGE_STANDARD = gnu11;
				GCC_DYNAMIC_NO_PIC = NO;
				GCC_NO_COMMON_BLOCKS = YES;
				GCC_OPTIMIZATION_LEVEL = 0;
				GCC_PREPROCESSOR_DEFINITIONS = (
					"DEBUG=1",
					"$(inherited)",
				);
				GCC_WARN_64_TO_32_BIT_CONVERSION = YES;
				GCC_WARN_ABOUT_RETURN_TYPE = YES_ERROR;
				GCC_WARN_UNDECLARED_SELECTOR = YES;
				GCC_WARN_UNINITIALIZED_AUTOS = YES_AGGRESSIVE;
				GCC_WARN_UNUSED_FUNCTION = YES;
				GCC_WARN_UNUSED_VARIABLE = YES;
				MACOSX_DEPLOYMENT_TARGET = 10.14;
				MTL_ENABLE_DEBUG_INFO = INCLUDE_SOURCE;
				MTL_FAST_MATH = YES;
				ONLY_ACTIVE_ARCH = YES;
				SDKROOT = macosx;
			};
			name = Debug;
		};
		859EF2DC223D1B60001E15B5 /* Release */ = {
			isa = XCBuildConfiguration;
			buildSettings = {
				ALWAYS_SEARCH_USER_PATHS = NO;
				CLANG_ANALYZER_NONNULL = YES;
				CLANG_ANALYZER_NUMBER_OBJECT_CONVERSION = YES_AGGRESSIVE;
				CLANG_CXX_LANGUAGE_STANDARD = "gnu++14";
				CLANG_CXX_LIBRARY = "libc++";
				CLANG_ENABLE_MODULES = YES;
				CLANG_ENABLE_OBJC_ARC = YES;
				CLANG_ENABLE_OBJC_WEAK = YES;
				CLANG_WARN_BLOCK_CAPTURE_AUTORELEASING = YES;
				CLANG_WARN_BOOL_CONVERSION = YES;
				CLANG_WARN_COMMA = YES;
				CLANG_WARN_CONSTANT_CONVERSION = YES;
				CLANG_WARN_DEPRECATED_OBJC_IMPLEMENTATIONS = YES;
				CLANG_WARN_DIRECT_OBJC_ISA_USAGE = YES_ERROR;
				CLANG_WARN_DOCUMENTATION_COMMENTS = YES;
				CLANG_WARN_EMPTY_BODY = YES;
				CLANG_WARN_ENUM_CONVERSION = YES;
				CLANG_WARN_INFINITE_RECURSION = YES;
				CLANG_WARN_INT_CONVERSION = YES;
				CLANG_WARN_NON_LITERAL_NULL_CONVERSION = YES;
				CLANG_WARN_OBJC_IMPLICIT_RETAIN_SELF = YES;
				CLANG_WARN_OBJC_LITERAL_CONVERSION = YES;
				CLANG_WARN_OBJC_ROOT_CLASS = YES_ERROR;
				CLANG_WARN_RANGE_LOOP_ANALYSIS = YES;
				CLANG_WARN_STRICT_PROTOTYPES = YES;
				CLANG_WARN_SUSPICIOUS_MOVE = YES;
				CLANG_WARN_UNGUARDED_AVAILABILITY = YES_AGGRESSIVE;
				CLANG_WARN_UNREACHABLE_CODE = YES;
				CLANG_WARN__DUPLICATE_METHOD_MATCH = YES;
				CODE_SIGN_IDENTITY = "-";
				COPY_PHASE_STRIP = NO;
				DEBUG_INFORMATION_FORMAT = "dwarf-with-dsym";
				ENABLE_NS_ASSERTIONS = NO;
				ENABLE_STRICT_OBJC_MSGSEND = YES;
				GCC_C_LANGUAGE_STANDARD = gnu11;
				GCC_NO_COMMON_BLOCKS = YES;
				GCC_WARN_64_TO_32_BIT_CONVERSION = YES;
				GCC_WARN_ABOUT_RETURN_TYPE = YES_ERROR;
				GCC_WARN_UNDECLARED_SELECTOR = YES;
				GCC_WARN_UNINITIALIZED_AUTOS = YES_AGGRESSIVE;
				GCC_WARN_UNUSED_FUNCTION = YES;
				GCC_WARN_UNUSED_VARIABLE = YES;
				MACOSX_DEPLOYMENT_TARGET = 10.14;
				MTL_ENABLE_DEBUG_INFO = NO;
				MTL_FAST_MATH = YES;
				SDKROOT = macosx;
			};
			name = Release;
		};
		859EF2DE223D1B60001E15B5 /* Debug */ = {
			isa = XCBuildConfiguration;
			buildSettings = {
				CODE_SIGN_STYLE = Automatic;
				PRODUCT_NAME = "$(TARGET_NAME)";
			};
			name = Debug;
		};
		859EF2DF223D1B60001E15B5 /* Release */ = {
			isa = XCBuildConfiguration;
			buildSettings = {
				CODE_SIGN_STYLE = Automatic;
				PRODUCT_NAME = "$(TARGET_NAME)";
			};
			name = Release;
		};
		859EF2FB223D2889001E15B5 /* Debug */ = {
			isa = XCBuildConfiguration;
			buildSettings = {
				CODE_SIGN_STYLE = Automatic;
				PRODUCT_NAME = "$(TARGET_NAME)";
			};
			name = Debug;
		};
		859EF2FC223D2889001E15B5 /* Release */ = {
			isa = XCBuildConfiguration;
			buildSettings = {
				CODE_SIGN_STYLE = Automatic;
				PRODUCT_NAME = "$(TARGET_NAME)";
			};
			name = Release;
		};
/* End XCBuildConfiguration section */

/* Begin XCConfigurationList section */
		859EF2D1223D1B60001E15B5 /* Build configuration list for PBXProject "LeetCode" */ = {
			isa = XCConfigurationList;
			buildConfigurations = (
				859EF2DB223D1B60001E15B5 /* Debug */,
				859EF2DC223D1B60001E15B5 /* Release */,
			);
			defaultConfigurationIsVisible = 0;
			defaultConfigurationName = Release;
		};
		859EF2DD223D1B60001E15B5 /* Build configuration list for PBXNativeTarget "LeetCode" */ = {
			isa = XCConfigurationList;
			buildConfigurations = (
				859EF2DE223D1B60001E15B5 /* Debug */,
				859EF2DF223D1B60001E15B5 /* Release */,
			);
			defaultConfigurationIsVisible = 0;
			defaultConfigurationName = Release;
		};
		859EF2FD223D2889001E15B5 /* Build configuration list for PBXNativeTarget "sss" */ = {
			isa = XCConfigurationList;
			buildConfigurations = (
				859EF2FB223D2889001E15B5 /* Debug */,
				859EF2FC223D2889001E15B5 /* Release */,
			);
			defaultConfigurationIsVisible = 0;
			defaultConfigurationName = Release;
		};
/* End XCConfigurationList section */
	};
	rootObject = 859EF2CE223D1B60001E15B5 /* Project object */;
}
